// !$*UTF8*$!
{
	archiveVersion = 1;
	classes = {
	};
	objectVersion = 55;
	objects = {

/* Begin PBXBuildFile section */
		5BA7F2DB27A2CC2700BB8137 /* AppDelegate.swift in Sources */ = {isa = PBXBuildFile; fileRef = 5BA7F2DA27A2CC2700BB8137 /* AppDelegate.swift */; };
		5BA7F2DD27A2CC2700BB8137 /* SceneDelegate.swift in Sources */ = {isa = PBXBuildFile; fileRef = 5BA7F2DC27A2CC2700BB8137 /* SceneDelegate.swift */; };
		5BA7F2DF27A2CC2700BB8137 /* ViewController.swift in Sources */ = {isa = PBXBuildFile; fileRef = 5BA7F2DE27A2CC2700BB8137 /* ViewController.swift */; };
		5BA7F2E227A2CC2700BB8137 /* Main.storyboard in Resources */ = {isa = PBXBuildFile; fileRef = 5BA7F2E027A2CC2700BB8137 /* Main.storyboard */; };
		5BA7F2E527A2CC2700BB8137 /* toDoApp.xcdatamodeld in Sources */ = {isa = PBXBuildFile; fileRef = 5BA7F2E327A2CC2700BB8137 /* toDoApp.xcdatamodeld */; };
		5BA7F2E727A2CC2900BB8137 /* Assets.xcassets in Resources */ = {isa = PBXBuildFile; fileRef = 5BA7F2E627A2CC2900BB8137 /* Assets.xcassets */; };
		5BA7F2EA27A2CC2900BB8137 /* LaunchScreen.storyboard in Resources */ = {isa = PBXBuildFile; fileRef = 5BA7F2E827A2CC2900BB8137 /* LaunchScreen.storyboard */; };
		5BA7F2F227A2CCE300BB8137 /* tik.png in Resources */ = {isa = PBXBuildFile; fileRef = 5BA7F2F127A2CCE300BB8137 /* tik.png */; };
		5BA7F2F627A2D58300BB8137 /* dataBaseHelper.swift in Sources */ = {isa = PBXBuildFile; fileRef = 5BA7F2F527A2D58300BB8137 /* dataBaseHelper.swift */; };
/* End PBXBuildFile section */

/* Begin PBXFileReference section */
		5BA7F2D727A2CC2700BB8137 /* toDoApp.app */ = {isa = PBXFileReference; explicitFileType = wrapper.application; includeInIndex = 0; path = toDoApp.app; sourceTree = BUILT_PRODUCTS_DIR; };
		5BA7F2DA27A2CC2700BB8137 /* AppDelegate.swift */ = {isa = PBXFileReference; lastKnownFileType = sourcecode.swift; path = AppDelegate.swift; sourceTree = "<group>"; };
		5BA7F2DC27A2CC2700BB8137 /* SceneDelegate.swift */ = {isa = PBXFileReference; lastKnownFileType = sourcecode.swift; path = SceneDelegate.swift; sourceTree = "<group>"; };
		5BA7F2DE27A2CC2700BB8137 /* ViewController.swift */ = {isa = PBXFileReference; lastKnownFileType = sourcecode.swift; path = ViewController.swift; sourceTree = "<group>"; };
		5BA7F2E127A2CC2700BB8137 /* Base */ = {isa = PBXFileReference; lastKnownFileType = file.storyboard; name = Base; path = Base.lproj/Main.storyboard; sourceTree = "<group>"; };
		5BA7F2E427A2CC2700BB8137 /* toDoApp.xcdatamodel */ = {isa = PBXFileReference; lastKnownFileType = wrapper.xcdatamodel; path = toDoApp.xcdatamodel; sourceTree = "<group>"; };
		5BA7F2E627A2CC2900BB8137 /* Assets.xcassets */ = {isa = PBXFileReference; lastKnownFileType = folder.assetcatalog; path = Assets.xcassets; sourceTree = "<group>"; };
		5BA7F2E927A2CC2900BB8137 /* Base */ = {isa = PBXFileReference; lastKnownFileType = file.storyboard; name = Base; path = Base.lproj/LaunchScreen.storyboard; sourceTree = "<group>"; };
		5BA7F2EB27A2CC2900BB8137 /* Info.plist */ = {isa = PBXFileReference; lastKnownFileType = text.plist.xml; path = Info.plist; sourceTree = "<group>"; };
		5BA7F2F127A2CCE300BB8137 /* tik.png */ = {isa = PBXFileReference; lastKnownFileType = image.png; path = tik.png; sourceTree = "<group>"; };
		5BA7F2F527A2D58300BB8137 /* dataBaseHelper.swift */ = {isa = PBXFileReference; lastKnownFileType = sourcecode.swift; path = dataBaseHelper.swift; sourceTree = "<group>"; };
/* End PBXFileReference section */

/* Begin PBXFrameworksBuildPhase section */
		5BA7F2D427A2CC2700BB8137 /* Frameworks */ = {
			isa = PBXFrameworksBuildPhase;
			buildActionMask = 2147483647;
			files = (
			);
			runOnlyForDeploymentPostprocessing = 0;
		};
/* End PBXFrameworksBuildPhase section */

/* Begin PBXGroup section */
		5BA7F2CE27A2CC2700BB8137 = {
			isa = PBXGroup;
			children = (
				5BA7F2D927A2CC2700BB8137 /* toDoApp */,
				5BA7F2D827A2CC2700BB8137 /* Products */,
			);
			sourceTree = "<group>";
		};
		5BA7F2D827A2CC2700BB8137 /* Products */ = {
			isa = PBXGroup;
			children = (
				5BA7F2D727A2CC2700BB8137 /* toDoApp.app */,
			);
			name = Products;
			sourceTree = "<group>";
		};
		5BA7F2D927A2CC2700BB8137 /* toDoApp */ = {
			isa = PBXGroup;
			children = (
				5BA7F2DA27A2CC2700BB8137 /* AppDelegate.swift */,
				5BA7F2DC27A2CC2700BB8137 /* SceneDelegate.swift */,
				5BA7F2DE27A2CC2700BB8137 /* ViewController.swift */,
				5BA7F2F527A2D58300BB8137 /* dataBaseHelper.swift */,
				5BA7F2E027A2CC2700BB8137 /* Main.storyboard */,
				5BA7F2E627A2CC2900BB8137 /* Assets.xcassets */,
				5BA7F2E827A2CC2900BB8137 /* LaunchScreen.storyboard */,
				5BA7F2F127A2CCE300BB8137 /* tik.png */,
				5BA7F2EB27A2CC2900BB8137 /* Info.plist */,
				5BA7F2E327A2CC2700BB8137 /* toDoApp.xcdatamodeld */,
			);
			path = toDoApp;
			sourceTree = "<group>";
		};
/* End PBXGroup section */

/* Begin PBXNativeTarget section */
		5BA7F2D627A2CC2700BB8137 /* toDoApp */ = {
			isa = PBXNativeTarget;
			buildConfigurationList = 5BA7F2EE27A2CC2900BB8137 /* Build configuration list for PBXNativeTarget "toDoApp" */;
			buildPhases = (
				5BA7F2D327A2CC2700BB8137 /* Sources */,
				5BA7F2D427A2CC2700BB8137 /* Frameworks */,
				5BA7F2D527A2CC2700BB8137 /* Resources */,
			);
			buildRules = (
			);
			dependencies = (
			);
			name = toDoApp;
			productName = toDoApp;
			productReference = 5BA7F2D727A2CC2700BB8137 /* toDoApp.app */;
			productType = "com.apple.product-type.application";
		};
/* End PBXNativeTarget section */

/* Begin PBXProject section */
		5BA7F2CF27A2CC2700BB8137 /* Project object */ = {
			isa = PBXProject;
			attributes = {
				BuildIndependentTargetsInParallel = 1;
				LastSwiftUpdateCheck = 1320;
				LastUpgradeCheck = 1320;
				TargetAttributes = {
					5BA7F2D627A2CC2700BB8137 = {
						CreatedOnToolsVersion = 13.2.1;
					};
				};
			};
			buildConfigurationList = 5BA7F2D227A2CC2700BB8137 /* Build configuration list for PBXProject "toDoApp" */;
			compatibilityVersion = "Xcode 13.0";
			developmentRegion = en;
			hasScannedForEncodings = 0;
			knownRegions = (
				en,
				Base,
			);
			mainGroup = 5BA7F2CE27A2CC2700BB8137;
			productRefGroup = 5BA7F2D827A2CC2700BB8137 /* Products */;
			projectDirPath = "";
			projectRoot = "";
			targets = (
				5BA7F2D627A2CC2700BB8137 /* toDoApp */,
			);
		};
/* End PBXProject section */

/* Begin PBXResourcesBuildPhase section */
		5BA7F2D527A2CC2700BB8137 /* Resources */ = {
			isa = PBXResourcesBuildPhase;
			buildActionMask = 2147483647;
			files = (
				5BA7F2EA27A2CC2900BB8137 /* LaunchScreen.storyboard in Resources */,
				5BA7F2E727A2CC2900BB8137 /* Assets.xcassets in Resources */,
				5BA7F2F227A2CCE300BB8137 /* tik.png in Resources */,
				5BA7F2E227A2CC2700BB8137 /* Main.storyboard in Resources */,
			);
			runOnlyForDeploymentPostprocessing = 0;
		};
/* End PBXResourcesBuildPhase section */

/* Begin PBXSourcesBuildPhase section */
		5BA7F2D327A2CC2700BB8137 /* Sources */ = {
			isa = PBXSourcesBuildPhase;
			buildActionMask = 2147483647;
			files = (
				5BA7F2DF27A2CC2700BB8137 /* ViewController.swift in Sources */,
				5BA7F2DB27A2CC2700BB8137 /* AppDelegate.swift in Sources */,
				5BA7F2DD27A2CC2700BB8137 /* SceneDelegate.swift in Sources */,
				5BA7F2E527A2CC2700BB8137 /* toDoApp.xcdatamodeld in Sources */,
				5BA7F2F627A2D58300BB8137 /* dataBaseHelper.swift in Sources */,
			);
			runOnlyForDeploymentPostprocessing = 0;
		};
/* End PBXSourcesBuildPhase section */

/* Begin PBXVariantGroup section */
		5BA7F2E027A2CC2700BB8137 /* Main.storyboard */ = {
			isa = PBXVariantGroup;
			children = (
				5BA7F2E127A2CC2700BB8137 /* Base */,
			);
			name = Main.storyboard;
			sourceTree = "<group>";
		};
		5BA7F2E827A2CC2900BB8137 /* LaunchScreen.storyboard */ = {
			isa = PBXVariantGroup;
			children = (
				5BA7F2E927A2CC2900BB8137 /* Base */,
			);
			name = LaunchScreen.storyboard;
			sourceTree = "<group>";
		};
/* End PBXVariantGroup section */

/* Begin XCBuildConfiguration section */
		5BA7F2EC27A2CC2900BB8137 /* Debug */ = {
			isa = XCBuildConfiguration;
			buildSettings = {
				ALWAYS_SEARCH_USER_PATHS = NO;
				CLANG_ANALYZER_NONNULL = YES;
				CLANG_ANALYZER_NUMBER_OBJECT_CONVERSION = YES_AGGRESSIVE;
				CLANG_CXX_LANGUAGE_STANDARD = "gnu++17";
				CLANG_CXX_LIBRARY = "libc++";
				CLANG_ENABLE_MODULES = YES;
				CLANG_ENABLE_OBJC_ARC = YES;
				CLANG_ENABLE_OBJC_WEAK = YES;
				CLANG_WARN_BLOCK_CAPTURE_AUTORELEASING = YES;
				CLANG_WARN_BOOL_CONVERSION = YES;
				CLANG_WARN_COMMA = YES;
				CLANG_WARN_CONSTANT_CONVERSION = YES;
				CLANG_WARN_DEPRECATED_OBJC_IMPLEMENTATIONS = YES;
				CLANG_WARN_DIRECT_OBJC_ISA_USAGE = YES_ERROR;
				CLANG_WARN_DOCUMENTATION_COMMENTS = YES;
				CLANG_WARN_EMPTY_BODY = YES;
				CLANG_WARN_ENUM_CONVERSION = YES;
				CLANG_WARN_INFINITE_RECURSION = YES;
				CLANG_WARN_INT_CONVERSION = YES;
				CLANG_WARN_NON_LITERAL_NULL_CONVERSION = YES;
				CLANG_WARN_OBJC_IMPLICIT_RETAIN_SELF = YES;
				CLANG_WARN_OBJC_LITERAL_CONVERSION = YES;
				CLANG_WARN_OBJC_ROOT_CLASS = YES_ERROR;
				CLANG_WARN_QUOTED_INCLUDE_IN_FRAMEWORK_HEADER = YES;
				CLANG_WARN_RANGE_LOOP_ANALYSIS = YES;
				CLANG_WARN_STRICT_PROTOTYPES = YES;
				CLANG_WARN_SUSPICIOUS_MOVE = YES;
				CLANG_WARN_UNGUARDED_AVAILABILITY = YES_AGGRESSIVE;
				CLANG_WARN_UNREACHABLE_CODE = YES;
				CLANG_WARN__DUPLICATE_METHOD_MATCH = YES;
				COPY_PHASE_STRIP = NO;
				DEBUG_INFORMATION_FORMAT = dwarf;
				ENABLE_STRICT_OBJC_MSGSEND = YES;
				ENABLE_TESTABILITY = YES;
				GCC_C_LANGUAGE_STANDARD = gnu11;
				GCC_DYNAMIC_NO_PIC = NO;
				GCC_NO_COMMON_BLOCKS = YES;
				GCC_OPTIMIZATION_LEVEL = 0;
				GCC_PREPROCESSOR_DEFINITIONS = (
					"DEBUG=1",
					"$(inherited)",
				);
				GCC_WARN_64_TO_32_BIT_CONVERSION = YES;
				GCC_WARN_ABOUT_RETURN_TYPE = YES_ERROR;
				GCC_WARN_UNDECLARED_SELECTOR = YES;
				GCC_WARN_UNINITIALIZED_AUTOS = YES_AGGRESSIVE;
				GCC_WARN_UNUSED_FUNCTION = YES;
				GCC_WARN_UNUSED_VARIABLE = YES;
				IPHONEOS_DEPLOYMENT_TARGET = 15.2;
				MTL_ENABLE_DEBUG_INFO = INCLUDE_SOURCE;
				MTL_FAST_MATH = YES;
				ONLY_ACTIVE_ARCH = YES;
				SDKROOT = iphoneos;
				SWIFT_ACTIVE_COMPILATION_CONDITIONS = DEBUG;
				SWIFT_OPTIMIZATION_LEVEL = "-Onone";
			};
			name = Debug;
		};
		5BA7F2ED27A2CC2900BB8137 /* Release */ = {
			isa = XCBuildConfiguration;
			buildSettings = {
				ALWAYS_SEARCH_USER_PATHS = NO;
				CLANG_ANALYZER_NONNULL = YES;
				CLANG_ANALYZER_NUMBER_OBJECT_CONVERSION = YES_AGGRESSIVE;
				CLANG_CXX_LANGUAGE_STANDARD = "gnu++17";
				CLANG_CXX_LIBRARY = "libc++";
				CLANG_ENABLE_MODULES = YES;
				CLANG_ENABLE_OBJC_ARC = YES;
				CLANG_ENABLE_OBJC_WEAK = YES;
				CLANG_WARN_BLOCK_CAPTURE_AUTORELEASING = YES;
				CLANG_WARN_BOOL_CONVERSION = YES;
				CLANG_WARN_COMMA = YES;
				CLANG_WARN_CONSTANT_CONVERSION = YES;
				CLANG_WARN_DEPRECATED_OBJC_IMPLEMENTATIONS = YES;
				CLANG_WARN_DIRECT_OBJC_ISA_USAGE = YES_ERROR;
				CLANG_WARN_DOCUMENTATION_COMMENTS = YES;
				CLANG_WARN_EMPTY_BODY = YES;
				CLANG_WARN_ENUM_CONVERSION = YES;
				CLANG_WARN_INFINITE_RECURSION = YES;
				CLANG_WARN_INT_CONVERSION = YES;
				CLANG_WARN_NON_LITERAL_NULL_CONVERSION = YES;
				CLANG_WARN_OBJC_IMPLICIT_RETAIN_SELF = YES;
				CLANG_WARN_OBJC_LITERAL_CONVERSION = YES;
				CLANG_WARN_OBJC_ROOT_CLASS = YES_ERROR;
				CLANG_WARN_QUOTED_INCLUDE_IN_FRAMEWORK_HEADER = YES;
				CLANG_WARN_RANGE_LOOP_ANALYSIS = YES;
				CLANG_WARN_STRICT_PROTOTYPES = YES;
				CLANG_WARN_SUSPICIOUS_MOVE = YES;
				CLANG_WARN_UNGUARDED_AVAILABILITY = YES_AGGRESSIVE;
				CLANG_WARN_UNREACHABLE_CODE = YES;
				CLANG_WARN__DUPLICATE_METHOD_MATCH = YES;
				COPY_PHASE_STRIP = NO;
				DEBUG_INFORMATION_FORMAT = "dwarf-with-dsym";
				ENABLE_NS_ASSERTIONS = NO;
				ENABLE_STRICT_OBJC_MSGSEND = YES;
				GCC_C_LANGUAGE_STANDARD = gnu11;
				GCC_NO_COMMON_BLOCKS = YES;
				GCC_WARN_64_TO_32_BIT_CONVERSION = YES;
				GCC_WARN_ABOUT_RETURN_TYPE = YES_ERROR;
				GCC_WARN_UNDECLARED_SELECTOR = YES;
				GCC_WARN_UNINITIALIZED_AUTOS = YES_AGGRESSIVE;
				GCC_WARN_UNUSED_FUNCTION = YES;
				GCC_WARN_UNUSED_VARIABLE = YES;
				IPHONEOS_DEPLOYMENT_TARGET = 15.2;
				MTL_ENABLE_DEBUG_INFO = NO;
				MTL_FAST_MATH = YES;
				SDKROOT = iphoneos;
				SWIFT_COMPILATION_MODE = wholemodule;
				SWIFT_OPTIMIZATION_LEVEL = "-O";
				VALIDATE_PRODUCT = YES;
			};
			name = Release;
		};
		5BA7F2EF27A2CC2900BB8137 /* Debug */ = {
			isa = XCBuildConfiguration;
			buildSettings = {
				ASSETCATALOG_COMPILER_APPICON_NAME = AppIcon;
				ASSETCATALOG_COMPILER_GLOBAL_ACCENT_COLOR_NAME = AccentColor;
				CODE_SIGN_STYLE = Automatic;
				CURRENT_PROJECT_VERSION = 1;
				DEVELOPMENT_TEAM = 6P2YAJPL7J;
				GENERATE_INFOPLIST_FILE = YES;
				INFOPLIST_FILE = toDoApp/Info.plist;
				INFOPLIST_KEY_UIApplicationSupportsIndirectInputEvents = YES;
				INFOPLIST_KEY_UILaunchStoryboardName = LaunchScreen;
				INFOPLIST_KEY_UIMainStoryboardFile = Main;
				INFOPLIST_KEY_UISupportedInterfaceOrientations_iPad = "UIInterfaceOrientationPortrait UIInterfaceOrientationPortraitUpsideDown UIInterfaceOrientationLandscapeLeft UIInterfaceOrientationLandscapeRight";
				INFOPLIST_KEY_UISupportedInterfaceOrientations_iPhone = "UIInterfaceOrientationPortrait UIInterfaceOrientationLandscapeLeft UIInterfaceOrientationLandscapeRight";
				LD_RUNPATH_SEARCH_PATHS = (
					"$(inherited)",
					"@executable_path/Frameworks",
				);
				MARKETING_VERSION = 1.0;
				PRODUCT_BUNDLE_IDENTIFIER = com.muazbulut.toDoApp;
				PRODUCT_NAME = "$(TARGET_NAME)";
				SWIFT_EMIT_LOC_STRINGS = YES;
				SWIFT_VERSION = 5.0;
				TARGETED_DEVICE_FAMILY = "1,2";
			};
			name = Debug;
		};
		5BA7F2F027A2CC2900BB8137 /* Release */ = {
			isa = XCBuildConfiguration;
			buildSettings = {
				ASSETCATALOG_COMPILER_APPICON_NAME = AppIcon;
				ASSETCATALOG_COMPILER_GLOBAL_ACCENT_COLOR_NAME = AccentColor;
				CODE_SIGN_STYLE = Automatic;
				CURRENT_PROJECT_VERSION = 1;
				DEVELOPMENT_TEAM = 6P2YAJPL7J;
				GENERATE_INFOPLIST_FILE = YES;
				INFOPLIST_FILE = toDoApp/Info.plist;
				INFOPLIST_KEY_UIApplicationSupportsIndirectInputEvents = YES;
				INFOPLIST_KEY_UILaunchStoryboardName = LaunchScreen;
				INFOPLIST_KEY_UIMainStoryboardFile = Main;
				INFOPLIST_KEY_UISupportedInterfaceOrientations_iPad = "UIInterfaceOrientationPortrait UIInterfaceOrientationPortraitUpsideDown UIInterfaceOrientationLandscapeLeft UIInterfaceOrientationLandscapeRight";
				INFOPLIST_KEY_UISupportedInterfaceOrientations_iPhone = "UIInterfaceOrientationPortrait UIInterfaceOrientationLandscapeLeft UIInterfaceOrientationLandscapeRight";
				LD_RUNPATH_SEARCH_PATHS = (
					"$(inherited)",
					"@executable_path/Frameworks",
				);
				MARKETING_VERSION = 1.0;
				PRODUCT_BUNDLE_IDENTIFIER = com.muazbulut.toDoApp;
				PRODUCT_NAME = "$(TARGET_NAME)";
				SWIFT_EMIT_LOC_STRINGS = YES;
				SWIFT_VERSION = 5.0;
				TARGETED_DEVICE_FAMILY = "1,2";
			};
			name = Release;
		};
/* End XCBuildConfiguration section */

/* Begin XCConfigurationList section */
		5BA7F2D227A2CC2700BB8137 /* Build configuration list for PBXProject "toDoApp" */ = {
			isa = XCConfigurationList;
			buildConfigurations = (
				5BA7F2EC27A2CC2900BB8137 /* Debug */,
				5BA7F2ED27A2CC2900BB8137 /* Release */,
			);
			defaultConfigurationIsVisible = 0;
			defaultConfigurationName = Release;
		};
		5BA7F2EE27A2CC2900BB8137 /* Build configuration list for PBXNativeTarget "toDoApp" */ = {
			isa = XCConfigurationList;
			buildConfigurations = (
				5BA7F2EF27A2CC2900BB8137 /* Debug */,
				5BA7F2F027A2CC2900BB8137 /* Release */,
			);
			defaultConfigurationIsVisible = 0;
			defaultConfigurationName = Release;
		};
/* End XCConfigurationList section */

/* Begin XCVersionGroup section */
		5BA7F2E327A2CC2700BB8137 /* toDoApp.xcdatamodeld */ = {
			isa = XCVersionGroup;
			children = (
				5BA7F2E427A2CC2700BB8137 /* toDoApp.xcdatamodel */,
			);
			currentVersion = 5BA7F2E427A2CC2700BB8137 /* toDoApp.xcdatamodel */;
			path = toDoApp.xcdatamodeld;
			sourceTree = "<group>";
			versionGroupType = wrapper.xcdatamodel;
		};
/* End XCVersionGroup section */
	};
	rootObject = 5BA7F2CF27A2CC2700BB8137 /* Project object */;
}
